
Microsoft Visual Studio Solution File, Format Version 12.00
# Visual Studio Version 16
VisualStudioVersion = 16.0.30406.217
MinimumVisualStudioVersion = 10.0.40219.1
Project("{9A19103F-16F7-4668-BE54-9A1E7A4F7556}") = "URC", "URC\URC.csproj", "{9F42D692-AEDD-447A-9741-98E28EE4891E}"
EndProject
Global
	GlobalSection(SolutionConfigurationPlatforms) = preSolution
		Debug|Any CPU = Debug|Any CPU
		Release|Any CPU = Release|Any CPU
	EndGlobalSection
	GlobalSection(ProjectConfigurationPlatforms) = postSolution
		{9F42D692-AEDD-447A-9741-98E28EE4891E}.Debug|Any CPU.ActiveCfg = Debug|Any CPU
		{9F42D692-AEDD-447A-9741-98E28EE4891E}.Debug|Any CPU.Build.0 = Debug|Any CPU
		{9F42D692-AEDD-447A-9741-98E28EE4891E}.Release|Any CPU.ActiveCfg = Release|Any CPU
		{9F42D692-AEDD-447A-9741-98E28EE4891E}.Release|Any CPU.Build.0 = Release|Any CPU
	EndGlobalSection
	GlobalSection(SolutionProperties) = preSolution
		HideSolutionNode = FALSE
	EndGlobalSection
	GlobalSection(ExtensibilityGlobals) = postSolution
		SolutionGuid = {2E788A01-ECC7-4542-8B75-4AEEC0DA27C5}
	EndGlobalSection
EndGlobal
